{
  "name": "test-website",
  "version": "1.0.0",
  "lockfileVersion": 2,
  "dependencies": {
    "@pulumi/aws": {
      "version": "6.67.0",
      "resolved": "https://registry.npmjs.org/@pulumi/aws/-/aws-6.67.0.tgz",
      "integrity": "sha512-rmkg6zAZjx4Z5rPQw5IX78RPLOgwJfi1JlRo92qV6F4e59sjG6yGntp7E5bbgXnN1Hh/OKdrQTKuVdt6ghHg5gA==",
      "dev": false,
      "engines": {
        "node": ">=10.14.1"
      }
    },
    "@pulumi/pulumi": {
      "version": "3.0.0",
      "resolved": "https://registry.npmjs.org/@pulumi/pulumi/-/pulumi-3.0.0.tgz",
      "integrity": "sha512-6b0zZ3N3rtgy4OHiVJYInPWeh2j/hS7+yTrmEkhX63USfrhxwE6RA6iK/nlpgpEo2zqATFzSJrbJb8Fh1y6+yA==",
      "dev": false,
      "engines": {
        "node": ">=10.14.1"
      }
    },
    "@pulumi/pulumiservice": {
      "version": "0.29.0",
      "resolved": "https://registry.npmjs.org/@pulumi/pulumiservice/-/pulumiservice-0.29.0.tgz",
      "integrity": "sha512-FnvmzJ7uwzM24Uz7y8aSlU6u41gfPwhZPTxxlTSqvv9Oan8NKOtFhxD9wgsZngJYP4UQ2wnJTo5A8g16D3pQyQ==",
      "dev": false
    },
    "ts-node": {
      "version": "10.9.2",
      "resolved": "https://registry.npmjs.org/ts-node/-/ts-node-10.9.2.tgz",
      "integrity": "sha512-Xl+9GfHwwVExhjfXnSH8oUK7XcO2sB7xy6g3JX2H72xv6Cgfc5h13uRE8VuPVkAwLo7PEwV0/qfHmdo6jRzntg==",
      "dev": true
    },
    "typescript": {
      "version": "4.5.4",
      "resolved": "https://registry.npmjs.org/typescript/-/typescript-4.5.4.tgz",
      "integrity": "sha512-nwhMOlJAtpUJ9jPtEwKMt9l71snGLTzQ9Vjl33qv5mj4xUkm33hv5rnLnI+xn9V5OktOLvtnfgm5Uy8wqFZ4AaA==",
      "dev": true
    }
  }
}
